
Microsoft Visual Studio Solution File, Format Version 12.00
# Visual Studio Version 16
VisualStudioVersion = 16.0.34601.136
MinimumVisualStudioVersion = 10.0.40219.1
Project("{FAE04EC0-301F-11D3-BF4B-00C04F79EFBC}") = "Entidades", "Entidades\Entidades.csproj", "{7C50BE27-3909-462B-8157-B4C8ABE83DB6}"
EndProject
Project("{FAE04EC0-301F-11D3-BF4B-00C04F79EFBC}") = "Datos", "Datos\Datos.csproj", "{0FB3B370-D43A-472B-A7EB-7DBFB8DEF054}"
EndProject
Project("{FAE04EC0-301F-11D3-BF4B-00C04F79EFBC}") = "Negocio", "Negocio\Negocio.csproj", "{5CA7A712-7C32-4602-A42F-DC8F49EC8C26}"
EndProject
Project("{FAE04EC0-301F-11D3-BF4B-00C04F79EFBC}") = "Presentacion", "Presentacion\Presentacion.csproj", "{5583BA1B-9EBE-4D2D-AA74-21B845365E21}"
EndProject
Global
	GlobalSection(SolutionConfigurationPlatforms) = preSolution
		Debug|Any CPU = Debug|Any CPU
		Release|Any CPU = Release|Any CPU
	EndGlobalSection
	GlobalSection(ProjectConfigurationPlatforms) = postSolution
		{7C50BE27-3909-462B-8157-B4C8ABE83DB6}.Debug|Any CPU.ActiveCfg = Debug|Any CPU
		{7C50BE27-3909-462B-8157-B4C8ABE83DB6}.Debug|Any CPU.Build.0 = Debug|Any CPU
		{7C50BE27-3909-462B-8157-B4C8ABE83DB6}.Release|Any CPU.ActiveCfg = Release|Any CPU
		{7C50BE27-3909-462B-8157-B4C8ABE83DB6}.Release|Any CPU.Build.0 = Release|Any CPU
		{0FB3B370-D43A-472B-A7EB-7DBFB8DEF054}.Debug|Any CPU.ActiveCfg = Debug|Any CPU
		{0FB3B370-D43A-472B-A7EB-7DBFB8DEF054}.Debug|Any CPU.Build.0 = Debug|Any CPU
		{0FB3B370-D43A-472B-A7EB-7DBFB8DEF054}.Release|Any CPU.ActiveCfg = Release|Any CPU
		{0FB3B370-D43A-472B-A7EB-7DBFB8DEF054}.Release|Any CPU.Build.0 = Release|Any CPU
		{5CA7A712-7C32-4602-A42F-DC8F49EC8C26}.Debug|Any CPU.ActiveCfg = Debug|Any CPU
		{5CA7A712-7C32-4602-A42F-DC8F49EC8C26}.Debug|Any CPU.Build.0 = Debug|Any CPU
		{5CA7A712-7C32-4602-A42F-DC8F49EC8C26}.Release|Any CPU.ActiveCfg = Release|Any CPU
		{5CA7A712-7C32-4602-A42F-DC8F49EC8C26}.Release|Any CPU.Build.0 = Release|Any CPU
		{5583BA1B-9EBE-4D2D-AA74-21B845365E21}.Debug|Any CPU.ActiveCfg = Debug|Any CPU
		{5583BA1B-9EBE-4D2D-AA74-21B845365E21}.Debug|Any CPU.Build.0 = Debug|Any CPU
		{5583BA1B-9EBE-4D2D-AA74-21B845365E21}.Release|Any CPU.ActiveCfg = Release|Any CPU
		{5583BA1B-9EBE-4D2D-AA74-21B845365E21}.Release|Any CPU.Build.0 = Release|Any CPU
	EndGlobalSection
	GlobalSection(SolutionProperties) = preSolution
		HideSolutionNode = FALSE
	EndGlobalSection
	GlobalSection(ExtensibilityGlobals) = postSolution
		SolutionGuid = {569C6C69-3ADC-48BA-AF56-242A62FCE190}
	EndGlobalSection
EndGlobal
