
Microsoft Visual Studio Solution File, Format Version 12.00
# Visual Studio Version 17
VisualStudioVersion = 17.9.34622.214
MinimumVisualStudioVersion = 10.0.40219.1
Project("{FAE04EC0-301F-11D3-BF4B-00C04F79EFBC}") = "Lab12", "Lab12\Lab12.csproj", "{D93A41F2-D75E-4AA0-8C5C-F82B7A2231DE}"
EndProject
Global
	GlobalSection(SolutionConfigurationPlatforms) = preSolution
		Debug|Any CPU = Debug|Any CPU
		Release|Any CPU = Release|Any CPU
	EndGlobalSection
	GlobalSection(ProjectConfigurationPlatforms) = postSolution
		{D93A41F2-D75E-4AA0-8C5C-F82B7A2231DE}.Debug|Any CPU.ActiveCfg = Debug|Any CPU
		{D93A41F2-D75E-4AA0-8C5C-F82B7A2231DE}.Debug|Any CPU.Build.0 = Debug|Any CPU
		{D93A41F2-D75E-4AA0-8C5C-F82B7A2231DE}.Release|Any CPU.ActiveCfg = Release|Any CPU
		{D93A41F2-D75E-4AA0-8C5C-F82B7A2231DE}.Release|Any CPU.Build.0 = Release|Any CPU
	EndGlobalSection
	GlobalSection(SolutionProperties) = preSolution
		HideSolutionNode = FALSE
	EndGlobalSection
	GlobalSection(ExtensibilityGlobals) = postSolution
		SolutionGuid = {6CD4DBA6-E90B-4477-BFC2-D99496CAFD74}
	EndGlobalSection
EndGlobal
