
Microsoft Visual Studio Solution File, Format Version 12.00
# Visual Studio Version 17
VisualStudioVersion = 17.9.34622.214
MinimumVisualStudioVersion = 10.0.40219.1
Project("{FAE04EC0-301F-11D3-BF4B-00C04F79EFBC}") = "Lab11", "Lab11\Lab11.csproj", "{11EE81AE-8833-48E7-AA48-7C8D69637B0F}"
EndProject
Global
	GlobalSection(SolutionConfigurationPlatforms) = preSolution
		Debug|Any CPU = Debug|Any CPU
		Release|Any CPU = Release|Any CPU
	EndGlobalSection
	GlobalSection(ProjectConfigurationPlatforms) = postSolution
		{11EE81AE-8833-48E7-AA48-7C8D69637B0F}.Debug|Any CPU.ActiveCfg = Debug|Any CPU
		{11EE81AE-8833-48E7-AA48-7C8D69637B0F}.Debug|Any CPU.Build.0 = Debug|Any CPU
		{11EE81AE-8833-48E7-AA48-7C8D69637B0F}.Release|Any CPU.ActiveCfg = Release|Any CPU
		{11EE81AE-8833-48E7-AA48-7C8D69637B0F}.Release|Any CPU.Build.0 = Release|Any CPU
	EndGlobalSection
	GlobalSection(SolutionProperties) = preSolution
		HideSolutionNode = FALSE
	EndGlobalSection
	GlobalSection(ExtensibilityGlobals) = postSolution
		SolutionGuid = {DBE4EF3A-7A34-4AF0-A37B-029F82B466CF}
	EndGlobalSection
EndGlobal
