
Microsoft Visual Studio Solution File, Format Version 12.00
# Visual Studio Version 17
VisualStudioVersion = 17.9.34622.214
MinimumVisualStudioVersion = 10.0.40219.1
Project("{FAE04EC0-301F-11D3-BF4B-00C04F79EFBC}") = "Lab04", "Lab04\Lab04.csproj", "{4FC25930-A6A0-4C34-9158-6C80C5B37793}"
EndProject
Global
	GlobalSection(SolutionConfigurationPlatforms) = preSolution
		Debug|Any CPU = Debug|Any CPU
		Release|Any CPU = Release|Any CPU
	EndGlobalSection
	GlobalSection(ProjectConfigurationPlatforms) = postSolution
		{4FC25930-A6A0-4C34-9158-6C80C5B37793}.Debug|Any CPU.ActiveCfg = Debug|Any CPU
		{4FC25930-A6A0-4C34-9158-6C80C5B37793}.Debug|Any CPU.Build.0 = Debug|Any CPU
		{4FC25930-A6A0-4C34-9158-6C80C5B37793}.Release|Any CPU.ActiveCfg = Release|Any CPU
		{4FC25930-A6A0-4C34-9158-6C80C5B37793}.Release|Any CPU.Build.0 = Release|Any CPU
	EndGlobalSection
	GlobalSection(SolutionProperties) = preSolution
		HideSolutionNode = FALSE
	EndGlobalSection
	GlobalSection(ExtensibilityGlobals) = postSolution
		SolutionGuid = {E9AA0F53-7668-4E94-8FBB-96C405ABCF15}
	EndGlobalSection
EndGlobal
