
Microsoft Visual Studio Solution File, Format Version 12.00
# Visual Studio Version 16
VisualStudioVersion = 16.0.34601.136
MinimumVisualStudioVersion = 10.0.40219.1
Project("{FAE04EC0-301F-11D3-BF4B-00C04F79EFBC}") = "Lab13", "Lab13\Lab13.csproj", "{ED0110F9-0107-4744-81CF-5CB5846979E1}"
EndProject
Global
	GlobalSection(SolutionConfigurationPlatforms) = preSolution
		Debug|Any CPU = Debug|Any CPU
		Release|Any CPU = Release|Any CPU
	EndGlobalSection
	GlobalSection(ProjectConfigurationPlatforms) = postSolution
		{ED0110F9-0107-4744-81CF-5CB5846979E1}.Debug|Any CPU.ActiveCfg = Debug|Any CPU
		{ED0110F9-0107-4744-81CF-5CB5846979E1}.Debug|Any CPU.Build.0 = Debug|Any CPU
		{ED0110F9-0107-4744-81CF-5CB5846979E1}.Release|Any CPU.ActiveCfg = Release|Any CPU
		{ED0110F9-0107-4744-81CF-5CB5846979E1}.Release|Any CPU.Build.0 = Release|Any CPU
	EndGlobalSection
	GlobalSection(SolutionProperties) = preSolution
		HideSolutionNode = FALSE
	EndGlobalSection
	GlobalSection(ExtensibilityGlobals) = postSolution
		SolutionGuid = {E9BE45C9-CDEF-47AB-9F4F-75F3F3116F15}
	EndGlobalSection
EndGlobal
