
Microsoft Visual Studio Solution File, Format Version 12.00
# Visual Studio Version 16
VisualStudioVersion = 16.0.34601.136
MinimumVisualStudioVersion = 10.0.40219.1
Project("{FAE04EC0-301F-11D3-BF4B-00C04F79EFBC}") = "Datos", "Datos\Datos.csproj", "{0C134470-4BA3-4FF5-8AD3-78A546BAC3AB}"
EndProject
Project("{FAE04EC0-301F-11D3-BF4B-00C04F79EFBC}") = "Negocio", "Negocio\Negocio.csproj", "{04263B48-7C36-4C9F-8F5D-B0D992FC6153}"
EndProject
Project("{FAE04EC0-301F-11D3-BF4B-00C04F79EFBC}") = "Presentacion", "Presentacion\Presentacion.csproj", "{06F685C9-0A74-4748-88D4-E62B21D52AB9}"
EndProject
Global
	GlobalSection(SolutionConfigurationPlatforms) = preSolution
		Debug|Any CPU = Debug|Any CPU
		Release|Any CPU = Release|Any CPU
	EndGlobalSection
	GlobalSection(ProjectConfigurationPlatforms) = postSolution
		{0C134470-4BA3-4FF5-8AD3-78A546BAC3AB}.Debug|Any CPU.ActiveCfg = Debug|Any CPU
		{0C134470-4BA3-4FF5-8AD3-78A546BAC3AB}.Debug|Any CPU.Build.0 = Debug|Any CPU
		{0C134470-4BA3-4FF5-8AD3-78A546BAC3AB}.Release|Any CPU.ActiveCfg = Release|Any CPU
		{0C134470-4BA3-4FF5-8AD3-78A546BAC3AB}.Release|Any CPU.Build.0 = Release|Any CPU
		{04263B48-7C36-4C9F-8F5D-B0D992FC6153}.Debug|Any CPU.ActiveCfg = Debug|Any CPU
		{04263B48-7C36-4C9F-8F5D-B0D992FC6153}.Debug|Any CPU.Build.0 = Debug|Any CPU
		{04263B48-7C36-4C9F-8F5D-B0D992FC6153}.Release|Any CPU.ActiveCfg = Release|Any CPU
		{04263B48-7C36-4C9F-8F5D-B0D992FC6153}.Release|Any CPU.Build.0 = Release|Any CPU
		{06F685C9-0A74-4748-88D4-E62B21D52AB9}.Debug|Any CPU.ActiveCfg = Debug|Any CPU
		{06F685C9-0A74-4748-88D4-E62B21D52AB9}.Debug|Any CPU.Build.0 = Debug|Any CPU
		{06F685C9-0A74-4748-88D4-E62B21D52AB9}.Release|Any CPU.ActiveCfg = Release|Any CPU
		{06F685C9-0A74-4748-88D4-E62B21D52AB9}.Release|Any CPU.Build.0 = Release|Any CPU
	EndGlobalSection
	GlobalSection(SolutionProperties) = preSolution
		HideSolutionNode = FALSE
	EndGlobalSection
	GlobalSection(ExtensibilityGlobals) = postSolution
		SolutionGuid = {1EF042ED-F971-4D5D-8496-FB199000B00C}
	EndGlobalSection
EndGlobal
