
Microsoft Visual Studio Solution File, Format Version 12.00
# Visual Studio Version 17
VisualStudioVersion = 17.8.34309.116
MinimumVisualStudioVersion = 10.0.40219.1
Project("{FAE04EC0-301F-11D3-BF4B-00C04F79EFBC}") = "Lab06", "Lab06\Lab06.csproj", "{98B40D20-87BE-42BF-B003-8A0EA3589032}"
EndProject
Global
	GlobalSection(SolutionConfigurationPlatforms) = preSolution
		Debug|Any CPU = Debug|Any CPU
		Release|Any CPU = Release|Any CPU
	EndGlobalSection
	GlobalSection(ProjectConfigurationPlatforms) = postSolution
		{98B40D20-87BE-42BF-B003-8A0EA3589032}.Debug|Any CPU.ActiveCfg = Debug|Any CPU
		{98B40D20-87BE-42BF-B003-8A0EA3589032}.Debug|Any CPU.Build.0 = Debug|Any CPU
		{98B40D20-87BE-42BF-B003-8A0EA3589032}.Release|Any CPU.ActiveCfg = Release|Any CPU
		{98B40D20-87BE-42BF-B003-8A0EA3589032}.Release|Any CPU.Build.0 = Release|Any CPU
	EndGlobalSection
	GlobalSection(SolutionProperties) = preSolution
		HideSolutionNode = FALSE
	EndGlobalSection
	GlobalSection(ExtensibilityGlobals) = postSolution
		SolutionGuid = {B808E47C-218D-4563-AE72-5345F4A6F93F}
	EndGlobalSection
EndGlobal
