
Microsoft Visual Studio Solution File, Format Version 12.00
# Visual Studio Version 17
VisualStudioVersion = 17.9.34622.214
MinimumVisualStudioVersion = 10.0.40219.1
Project("{FAE04EC0-301F-11D3-BF4B-00C04F79EFBC}") = "Lab03", "Lab03\Lab03.csproj", "{2718DFC4-7839-4ABD-B3FE-D05B730F798F}"
EndProject
Global
	GlobalSection(SolutionConfigurationPlatforms) = preSolution
		Debug|Any CPU = Debug|Any CPU
		Release|Any CPU = Release|Any CPU
	EndGlobalSection
	GlobalSection(ProjectConfigurationPlatforms) = postSolution
		{2718DFC4-7839-4ABD-B3FE-D05B730F798F}.Debug|Any CPU.ActiveCfg = Debug|Any CPU
		{2718DFC4-7839-4ABD-B3FE-D05B730F798F}.Debug|Any CPU.Build.0 = Debug|Any CPU
		{2718DFC4-7839-4ABD-B3FE-D05B730F798F}.Release|Any CPU.ActiveCfg = Release|Any CPU
		{2718DFC4-7839-4ABD-B3FE-D05B730F798F}.Release|Any CPU.Build.0 = Release|Any CPU
	EndGlobalSection
	GlobalSection(SolutionProperties) = preSolution
		HideSolutionNode = FALSE
	EndGlobalSection
	GlobalSection(ExtensibilityGlobals) = postSolution
		SolutionGuid = {0A7CEF61-3765-472B-A166-C1652A212C60}
	EndGlobalSection
EndGlobal
