
Microsoft Visual Studio Solution File, Format Version 12.00
# Visual Studio Version 16
VisualStudioVersion = 16.0.34601.136
MinimumVisualStudioVersion = 10.0.40219.1
Project("{FAE04EC0-301F-11D3-BF4B-00C04F79EFBC}") = "Lab08", "Lab08\Lab08.csproj", "{1581D323-5C91-4129-AB5C-A6F895C92729}"
EndProject
Global
	GlobalSection(SolutionConfigurationPlatforms) = preSolution
		Debug|Any CPU = Debug|Any CPU
		Release|Any CPU = Release|Any CPU
	EndGlobalSection
	GlobalSection(ProjectConfigurationPlatforms) = postSolution
		{1581D323-5C91-4129-AB5C-A6F895C92729}.Debug|Any CPU.ActiveCfg = Debug|Any CPU
		{1581D323-5C91-4129-AB5C-A6F895C92729}.Debug|Any CPU.Build.0 = Debug|Any CPU
		{1581D323-5C91-4129-AB5C-A6F895C92729}.Release|Any CPU.ActiveCfg = Release|Any CPU
		{1581D323-5C91-4129-AB5C-A6F895C92729}.Release|Any CPU.Build.0 = Release|Any CPU
	EndGlobalSection
	GlobalSection(SolutionProperties) = preSolution
		HideSolutionNode = FALSE
	EndGlobalSection
	GlobalSection(ExtensibilityGlobals) = postSolution
		SolutionGuid = {923CCEC2-A284-4B77-B12C-9DAC42B4F32F}
	EndGlobalSection
EndGlobal
