
Microsoft Visual Studio Solution File, Format Version 12.00
# Visual Studio Version 17
VisualStudioVersion = 17.9.34622.214
MinimumVisualStudioVersion = 10.0.40219.1
Project("{FAE04EC0-301F-11D3-BF4B-00C04F79EFBC}") = "Lab01", "Lab01\Lab01.csproj", "{67436E98-0EFB-43F0-B2D8-CFACF75C9B16}"
EndProject
Global
	GlobalSection(SolutionConfigurationPlatforms) = preSolution
		Debug|Any CPU = Debug|Any CPU
		Release|Any CPU = Release|Any CPU
	EndGlobalSection
	GlobalSection(ProjectConfigurationPlatforms) = postSolution
		{67436E98-0EFB-43F0-B2D8-CFACF75C9B16}.Debug|Any CPU.ActiveCfg = Debug|Any CPU
		{67436E98-0EFB-43F0-B2D8-CFACF75C9B16}.Debug|Any CPU.Build.0 = Debug|Any CPU
		{67436E98-0EFB-43F0-B2D8-CFACF75C9B16}.Release|Any CPU.ActiveCfg = Release|Any CPU
		{67436E98-0EFB-43F0-B2D8-CFACF75C9B16}.Release|Any CPU.Build.0 = Release|Any CPU
	EndGlobalSection
	GlobalSection(SolutionProperties) = preSolution
		HideSolutionNode = FALSE
	EndGlobalSection
	GlobalSection(ExtensibilityGlobals) = postSolution
		SolutionGuid = {F33C2084-B1C3-4F0E-9667-919D180B245A}
	EndGlobalSection
EndGlobal
